<Solution>
  <Folder Name="/src/">
    <Project Path="src/MafConsoleApp/MafConsoleApp.csproj" Id="228344e3-e8ba-445f-9b03-77e7b567dfd7" />
    <Project Path="src/MafFunctionApp/MafFunctionApp.csproj" Id="47b19a90-4416-4fc2-a803-37827625efef" />
    <Project Path="src/MafHostedAgentApp/MafHostedAgentApp.csproj" Id="c3c6fdbc-ca93-4903-8716-dd52411d9fb7" />
    <Project Path="src/MafHostedAgentCallerApp/MafHostedAgentCallerApp.csproj" Id="68e9645b-0349-4a8c-ae90-ec72d2d26d93" />
    <Project Path="src/MafHostedAgentInvocationsApp/MafHostedAgentInvocationsApp.csproj" Id="e5ce203c-e2de-4912-8b99-6a790072073c" />
    <Project Path="src/MafHostedAgentResponsesApp/MafHostedAgentResponsesApp.csproj" Id="58bd29b7-3faa-4420-beb9-bb3b811b7b24" />
  </Folder>
</Solution>
